
Microsoft Visual Studio Solution File, Format Version 12.00
# Visual Studio Version 17
VisualStudioVersion = 17.8.34004.107
MinimumVisualStudioVersion = 10.0.40219.1
Project("{9A19103F-16F7-4668-BE54-9A1E7A4F7556}") = "CollectionsTypes.StackApp", "CollectionsTypes.StackApp\CollectionsTypes.StackApp.csproj", "{13B15024-C0A7-4BD1-B329-B8390695CCFC}"
EndProject
Project("{9A19103F-16F7-4668-BE54-9A1E7A4F7556}") = "CollectionsTypes.Queue", "CollectionsTypes.Queue\CollectionsTypes.Queue.csproj", "{2A147C50-2634-4FD3-8036-1C751AB5F25C}"
EndProject
Project("{FAE04EC0-301F-11D3-BF4B-00C04F79EFBC}") = "Collections.LinkedListApp", "Collections.LinkedListApp\Collections.LinkedListApp.csproj", "{81602182-28E0-4662-BDB5-573296ADA527}"
EndProject
Project("{FAE04EC0-301F-11D3-BF4B-00C04F79EFBC}") = "Collections.HashSetAndSortedSetApp", "Collections.HashSetAndSortedSetApp\Collections.HashSetAndSortedSetApp.csproj", "{08AA95C1-3837-444E-9A87-96AED8DFDE86}"
EndProject
Global
	GlobalSection(SolutionConfigurationPlatforms) = preSolution
		Debug|Any CPU = Debug|Any CPU
		Release|Any CPU = Release|Any CPU
	EndGlobalSection
	GlobalSection(ProjectConfigurationPlatforms) = postSolution
		{13B15024-C0A7-4BD1-B329-B8390695CCFC}.Debug|Any CPU.ActiveCfg = Debug|Any CPU
		{13B15024-C0A7-4BD1-B329-B8390695CCFC}.Debug|Any CPU.Build.0 = Debug|Any CPU
		{13B15024-C0A7-4BD1-B329-B8390695CCFC}.Release|Any CPU.ActiveCfg = Release|Any CPU
		{13B15024-C0A7-4BD1-B329-B8390695CCFC}.Release|Any CPU.Build.0 = Release|Any CPU
		{2A147C50-2634-4FD3-8036-1C751AB5F25C}.Debug|Any CPU.ActiveCfg = Debug|Any CPU
		{2A147C50-2634-4FD3-8036-1C751AB5F25C}.Debug|Any CPU.Build.0 = Debug|Any CPU
		{2A147C50-2634-4FD3-8036-1C751AB5F25C}.Release|Any CPU.ActiveCfg = Release|Any CPU
		{2A147C50-2634-4FD3-8036-1C751AB5F25C}.Release|Any CPU.Build.0 = Release|Any CPU
		{81602182-28E0-4662-BDB5-573296ADA527}.Debug|Any CPU.ActiveCfg = Debug|Any CPU
		{81602182-28E0-4662-BDB5-573296ADA527}.Debug|Any CPU.Build.0 = Debug|Any CPU
		{81602182-28E0-4662-BDB5-573296ADA527}.Release|Any CPU.ActiveCfg = Release|Any CPU
		{81602182-28E0-4662-BDB5-573296ADA527}.Release|Any CPU.Build.0 = Release|Any CPU
		{08AA95C1-3837-444E-9A87-96AED8DFDE86}.Debug|Any CPU.ActiveCfg = Debug|Any CPU
		{08AA95C1-3837-444E-9A87-96AED8DFDE86}.Debug|Any CPU.Build.0 = Debug|Any CPU
		{08AA95C1-3837-444E-9A87-96AED8DFDE86}.Release|Any CPU.ActiveCfg = Release|Any CPU
		{08AA95C1-3837-444E-9A87-96AED8DFDE86}.Release|Any CPU.Build.0 = Release|Any CPU
	EndGlobalSection
	GlobalSection(SolutionProperties) = preSolution
		HideSolutionNode = FALSE
	EndGlobalSection
	GlobalSection(ExtensibilityGlobals) = postSolution
		SolutionGuid = {96318233-20F4-4DC8-BB0C-EF6F61339EB9}
	EndGlobalSection
EndGlobal
